
Microsoft Visual Studio Solution File, Format Version 12.00
# Visual Studio Version 17
VisualStudioVersion = 17.13.35919.96 d17.13
MinimumVisualStudioVersion = 10.0.40219.1
Project("{FAE04EC0-301F-11D3-BF4B-00C04F79EFBC}") = "SistemaCursos", "SistemaCursos.csproj", "{E6E0E839-BB7A-455B-A314-789AFC181608}"
EndProject
Global
	GlobalSection(SolutionConfigurationPlatforms) = preSolution
		Debug|Any CPU = Debug|Any CPU
		Release|Any CPU = Release|Any CPU
	EndGlobalSection
	GlobalSection(ProjectConfigurationPlatforms) = postSolution
		{E6E0E839-BB7A-455B-A314-789AFC181608}.Debug|Any CPU.ActiveCfg = Debug|Any CPU
		{E6E0E839-BB7A-455B-A314-789AFC181608}.Debug|Any CPU.Build.0 = Debug|Any CPU
		{E6E0E839-BB7A-455B-A314-789AFC181608}.Release|Any CPU.ActiveCfg = Release|Any CPU
		{E6E0E839-BB7A-455B-A314-789AFC181608}.Release|Any CPU.Build.0 = Release|Any CPU
	EndGlobalSection
	GlobalSection(SolutionProperties) = preSolution
		HideSolutionNode = FALSE
	EndGlobalSection
	GlobalSection(ExtensibilityGlobals) = postSolution
		SolutionGuid = {45696C4E-C16F-4091-A091-F8F9CAE78263}
	EndGlobalSection
EndGlobal
