
Microsoft Visual Studio Solution File, Format Version 12.00
# Visual Studio Version 17
VisualStudioVersion = 17.13.35919.96 d17.13
MinimumVisualStudioVersion = 10.0.40219.1
Project("{FAE04EC0-301F-11D3-BF4B-00C04F79EFBC}") = "Ex14_SomaAteZero", "Ex14_SomaAteZero\Ex14_SomaAteZero.csproj", "{1C27E068-8987-4C90-998D-1FB822B02411}"
EndProject
Global
	GlobalSection(SolutionConfigurationPlatforms) = preSolution
		Debug|Any CPU = Debug|Any CPU
		Release|Any CPU = Release|Any CPU
	EndGlobalSection
	GlobalSection(ProjectConfigurationPlatforms) = postSolution
		{1C27E068-8987-4C90-998D-1FB822B02411}.Debug|Any CPU.ActiveCfg = Debug|Any CPU
		{1C27E068-8987-4C90-998D-1FB822B02411}.Debug|Any CPU.Build.0 = Debug|Any CPU
		{1C27E068-8987-4C90-998D-1FB822B02411}.Release|Any CPU.ActiveCfg = Release|Any CPU
		{1C27E068-8987-4C90-998D-1FB822B02411}.Release|Any CPU.Build.0 = Release|Any CPU
	EndGlobalSection
	GlobalSection(SolutionProperties) = preSolution
		HideSolutionNode = FALSE
	EndGlobalSection
	GlobalSection(ExtensibilityGlobals) = postSolution
		SolutionGuid = {9B1BF6AE-41AF-4863-85E2-0E5ED30DE662}
	EndGlobalSection
EndGlobal
