
Microsoft Visual Studio Solution File, Format Version 12.00
# Visual Studio Version 17
VisualStudioVersion = 17.13.35919.96 d17.13
MinimumVisualStudioVersion = 10.0.40219.1
Project("{FAE04EC0-301F-11D3-BF4B-00C04F79EFBC}") = "Ex09_AnoBissexto", "Ex09_AnoBissexto\Ex09_AnoBissexto.csproj", "{7F790B06-3952-487E-8AA1-4D901B4397BF}"
EndProject
Global
	GlobalSection(SolutionConfigurationPlatforms) = preSolution
		Debug|Any CPU = Debug|Any CPU
		Release|Any CPU = Release|Any CPU
	EndGlobalSection
	GlobalSection(ProjectConfigurationPlatforms) = postSolution
		{7F790B06-3952-487E-8AA1-4D901B4397BF}.Debug|Any CPU.ActiveCfg = Debug|Any CPU
		{7F790B06-3952-487E-8AA1-4D901B4397BF}.Debug|Any CPU.Build.0 = Debug|Any CPU
		{7F790B06-3952-487E-8AA1-4D901B4397BF}.Release|Any CPU.ActiveCfg = Release|Any CPU
		{7F790B06-3952-487E-8AA1-4D901B4397BF}.Release|Any CPU.Build.0 = Release|Any CPU
	EndGlobalSection
	GlobalSection(SolutionProperties) = preSolution
		HideSolutionNode = FALSE
	EndGlobalSection
	GlobalSection(ExtensibilityGlobals) = postSolution
		SolutionGuid = {AFF82F26-E2E1-473F-BE85-15336CB4E632}
	EndGlobalSection
EndGlobal
