
Microsoft Visual Studio Solution File, Format Version 12.00
# Visual Studio Version 17
VisualStudioVersion = 17.13.35919.96 d17.13
MinimumVisualStudioVersion = 10.0.40219.1
Project("{FAE04EC0-301F-11D3-BF4B-00C04F79EFBC}") = "Ex09", "Ex09\Ex09.csproj", "{5540A30C-0952-446A-9E5C-A6B3DA255CDD}"
EndProject
Global
	GlobalSection(SolutionConfigurationPlatforms) = preSolution
		Debug|Any CPU = Debug|Any CPU
		Release|Any CPU = Release|Any CPU
	EndGlobalSection
	GlobalSection(ProjectConfigurationPlatforms) = postSolution
		{5540A30C-0952-446A-9E5C-A6B3DA255CDD}.Debug|Any CPU.ActiveCfg = Debug|Any CPU
		{5540A30C-0952-446A-9E5C-A6B3DA255CDD}.Debug|Any CPU.Build.0 = Debug|Any CPU
		{5540A30C-0952-446A-9E5C-A6B3DA255CDD}.Release|Any CPU.ActiveCfg = Release|Any CPU
		{5540A30C-0952-446A-9E5C-A6B3DA255CDD}.Release|Any CPU.Build.0 = Release|Any CPU
	EndGlobalSection
	GlobalSection(SolutionProperties) = preSolution
		HideSolutionNode = FALSE
	EndGlobalSection
	GlobalSection(ExtensibilityGlobals) = postSolution
		SolutionGuid = {EB538ED0-4848-4F8A-A578-89E52361C7D5}
	EndGlobalSection
EndGlobal
