
Microsoft Visual Studio Solution File, Format Version 12.00
# Visual Studio Version 17
VisualStudioVersion = 17.13.35919.96 d17.13
MinimumVisualStudioVersion = 10.0.40219.1
Project("{FAE04EC0-301F-11D3-BF4B-00C04F79EFBC}") = "Ex18_MenuOperacoes", "Ex18_MenuOperacoes\Ex18_MenuOperacoes.csproj", "{7624CF77-EFF4-405F-9ACE-2797A2BAE9BD}"
EndProject
Global
	GlobalSection(SolutionConfigurationPlatforms) = preSolution
		Debug|Any CPU = Debug|Any CPU
		Release|Any CPU = Release|Any CPU
	EndGlobalSection
	GlobalSection(ProjectConfigurationPlatforms) = postSolution
		{7624CF77-EFF4-405F-9ACE-2797A2BAE9BD}.Debug|Any CPU.ActiveCfg = Debug|Any CPU
		{7624CF77-EFF4-405F-9ACE-2797A2BAE9BD}.Debug|Any CPU.Build.0 = Debug|Any CPU
		{7624CF77-EFF4-405F-9ACE-2797A2BAE9BD}.Release|Any CPU.ActiveCfg = Release|Any CPU
		{7624CF77-EFF4-405F-9ACE-2797A2BAE9BD}.Release|Any CPU.Build.0 = Release|Any CPU
	EndGlobalSection
	GlobalSection(SolutionProperties) = preSolution
		HideSolutionNode = FALSE
	EndGlobalSection
	GlobalSection(ExtensibilityGlobals) = postSolution
		SolutionGuid = {29FB2563-CA2B-45B4-B183-443507633883}
	EndGlobalSection
EndGlobal
