
Microsoft Visual Studio Solution File, Format Version 12.00
# Visual Studio Version 17
VisualStudioVersion = 17.13.35919.96 d17.13
MinimumVisualStudioVersion = 10.0.40219.1
Project("{FAE04EC0-301F-11D3-BF4B-00C04F79EFBC}") = "Ex16_Multiplos", "Ex16_Multiplos\Ex16_Multiplos.csproj", "{F0C2C2F9-7FF1-4BC8-80F1-34B5A4432D44}"
EndProject
Global
	GlobalSection(SolutionConfigurationPlatforms) = preSolution
		Debug|Any CPU = Debug|Any CPU
		Release|Any CPU = Release|Any CPU
	EndGlobalSection
	GlobalSection(ProjectConfigurationPlatforms) = postSolution
		{F0C2C2F9-7FF1-4BC8-80F1-34B5A4432D44}.Debug|Any CPU.ActiveCfg = Debug|Any CPU
		{F0C2C2F9-7FF1-4BC8-80F1-34B5A4432D44}.Debug|Any CPU.Build.0 = Debug|Any CPU
		{F0C2C2F9-7FF1-4BC8-80F1-34B5A4432D44}.Release|Any CPU.ActiveCfg = Release|Any CPU
		{F0C2C2F9-7FF1-4BC8-80F1-34B5A4432D44}.Release|Any CPU.Build.0 = Release|Any CPU
	EndGlobalSection
	GlobalSection(SolutionProperties) = preSolution
		HideSolutionNode = FALSE
	EndGlobalSection
	GlobalSection(ExtensibilityGlobals) = postSolution
		SolutionGuid = {C6829A0C-DDCC-403C-9DC8-10906EF11322}
	EndGlobalSection
EndGlobal
