
Microsoft Visual Studio Solution File, Format Version 12.00
# Visual Studio Version 17
VisualStudioVersion = 17.13.35919.96 d17.13
MinimumVisualStudioVersion = 10.0.40219.1
Project("{FAE04EC0-301F-11D3-BF4B-00C04F79EFBC}") = "Ex02_Conversao", "Ex02_Conversao\Ex02_Conversao.csproj", "{4483E062-4D71-42E8-9D13-028EF7F256F8}"
EndProject
Global
	GlobalSection(SolutionConfigurationPlatforms) = preSolution
		Debug|Any CPU = Debug|Any CPU
		Release|Any CPU = Release|Any CPU
	EndGlobalSection
	GlobalSection(ProjectConfigurationPlatforms) = postSolution
		{4483E062-4D71-42E8-9D13-028EF7F256F8}.Debug|Any CPU.ActiveCfg = Debug|Any CPU
		{4483E062-4D71-42E8-9D13-028EF7F256F8}.Debug|Any CPU.Build.0 = Debug|Any CPU
		{4483E062-4D71-42E8-9D13-028EF7F256F8}.Release|Any CPU.ActiveCfg = Release|Any CPU
		{4483E062-4D71-42E8-9D13-028EF7F256F8}.Release|Any CPU.Build.0 = Release|Any CPU
	EndGlobalSection
	GlobalSection(SolutionProperties) = preSolution
		HideSolutionNode = FALSE
	EndGlobalSection
	GlobalSection(ExtensibilityGlobals) = postSolution
		SolutionGuid = {654FD26A-34B8-4724-BE5B-7A97E1D2830A}
	EndGlobalSection
EndGlobal
